
Microsoft Visual Studio Solution File, Format Version 12.00
# Visual Studio 14
VisualStudioVersion = 14.0.25123.0
MinimumVisualStudioVersion = 10.0.40219.1
Project("{FAE04EC0-301F-11D3-BF4B-00C04F79EFBC}") = "Perios.Capture", "Perios.Capture\Perios.Capture.csproj", "{894E6C81-2E8E-4435-A186-9DC47F5591F9}"
EndProject
Project("{FAE04EC0-301F-11D3-BF4B-00C04F79EFBC}") = "Perios.App", "Perios.App\Perios.App.csproj", "{CF16BECF-3AB5-4C34-88F2-CF1D2CCE166E}"
EndProject
Project("{FAE04EC0-301F-11D3-BF4B-00C04F79EFBC}") = "Perios.Export", "Perios.Export\Perios.Export.csproj", "{2B54EE09-93FA-49BA-BC85-C54B045355FF}"
EndProject
Project("{FAE04EC0-301F-11D3-BF4B-00C04F79EFBC}") = "Perios.Capture.TestApp", "Perios.Capture.Tests\Perios.Capture.TestApp.csproj", "{88D90EA2-8D49-4008-A0F2-F81C1CD2B3D7}"
EndProject
Global
	GlobalSection(SolutionConfigurationPlatforms) = preSolution
		Debug|Any CPU = Debug|Any CPU
		Release|Any CPU = Release|Any CPU
	EndGlobalSection
	GlobalSection(ProjectConfigurationPlatforms) = postSolution
		{894E6C81-2E8E-4435-A186-9DC47F5591F9}.Debug|Any CPU.ActiveCfg = Debug|Any CPU
		{894E6C81-2E8E-4435-A186-9DC47F5591F9}.Debug|Any CPU.Build.0 = Debug|Any CPU
		{894E6C81-2E8E-4435-A186-9DC47F5591F9}.Release|Any CPU.ActiveCfg = Release|Any CPU
		{894E6C81-2E8E-4435-A186-9DC47F5591F9}.Release|Any CPU.Build.0 = Release|Any CPU
		{CF16BECF-3AB5-4C34-88F2-CF1D2CCE166E}.Debug|Any CPU.ActiveCfg = Debug|Any CPU
		{CF16BECF-3AB5-4C34-88F2-CF1D2CCE166E}.Debug|Any CPU.Build.0 = Debug|Any CPU
		{CF16BECF-3AB5-4C34-88F2-CF1D2CCE166E}.Release|Any CPU.ActiveCfg = Release|Any CPU
		{CF16BECF-3AB5-4C34-88F2-CF1D2CCE166E}.Release|Any CPU.Build.0 = Release|Any CPU
		{2B54EE09-93FA-49BA-BC85-C54B045355FF}.Debug|Any CPU.ActiveCfg = Debug|Any CPU
		{2B54EE09-93FA-49BA-BC85-C54B045355FF}.Debug|Any CPU.Build.0 = Debug|Any CPU
		{2B54EE09-93FA-49BA-BC85-C54B045355FF}.Release|Any CPU.ActiveCfg = Release|Any CPU
		{2B54EE09-93FA-49BA-BC85-C54B045355FF}.Release|Any CPU.Build.0 = Release|Any CPU
		{88D90EA2-8D49-4008-A0F2-F81C1CD2B3D7}.Debug|Any CPU.ActiveCfg = Debug|Any CPU
		{88D90EA2-8D49-4008-A0F2-F81C1CD2B3D7}.Debug|Any CPU.Build.0 = Debug|Any CPU
		{88D90EA2-8D49-4008-A0F2-F81C1CD2B3D7}.Release|Any CPU.ActiveCfg = Release|Any CPU
		{88D90EA2-8D49-4008-A0F2-F81C1CD2B3D7}.Release|Any CPU.Build.0 = Release|Any CPU
	EndGlobalSection
	GlobalSection(SolutionProperties) = preSolution
		HideSolutionNode = FALSE
	EndGlobalSection
EndGlobal
